
Microsoft Visual Studio Solution File, Format Version 12.00
# Visual Studio Version 17
VisualStudioVersion = 17.3.32901.215
MinimumVisualStudioVersion = 10.0.40219.1
Project("{FAE04EC0-301F-11D3-BF4B-00C04F79EFBC}") = "Capstone", "Capstone\Capstone.csproj", "{15A4D1B7-EBD6-4174-833F-A98E44100C1F}"
EndProject
Global
	GlobalSection(SolutionConfigurationPlatforms) = preSolution
		Debug|Any CPU = Debug|Any CPU
		Release|Any CPU = Release|Any CPU
	EndGlobalSection
	GlobalSection(ProjectConfigurationPlatforms) = postSolution
		{15A4D1B7-EBD6-4174-833F-A98E44100C1F}.Debug|Any CPU.ActiveCfg = Debug|Any CPU
		{15A4D1B7-EBD6-4174-833F-A98E44100C1F}.Debug|Any CPU.Build.0 = Debug|Any CPU
		{15A4D1B7-EBD6-4174-833F-A98E44100C1F}.Release|Any CPU.ActiveCfg = Release|Any CPU
		{15A4D1B7-EBD6-4174-833F-A98E44100C1F}.Release|Any CPU.Build.0 = Release|Any CPU
	EndGlobalSection
	GlobalSection(SolutionProperties) = preSolution
		HideSolutionNode = FALSE
	EndGlobalSection
	GlobalSection(ExtensibilityGlobals) = postSolution
		SolutionGuid = {4EEDA9BF-6F63-49EC-811D-0DC8E7975417}
	EndGlobalSection
EndGlobal
